{
  "name": "@ebarooni/capacitor-calendar",
  "version": "7.0.0",
  "lockfileVersion": 3,
  "requires": true,
  "packages": {
    "": {
      "name": "@ebarooni/capacitor-calendar",
      "version": "7.0.0",
      "license": "MIT",
      "devDependencies": {
        "@capacitor/android": "^7.0.0",
        "@capacitor/core": "^7.0.0",
        "@capacitor/docgen": "^0.3.0",
        "@capacitor/ios": "^7.0.0",
        "@ebarooni/prettier-config": "^1.3.1",
        "@ebarooni/swiftlint-config": "^1.2.1",
        "prettier": "^3.3.2",
        "rimraf": "^6.0.1",
        "rollup": "^4.30.1",
        "swiftlint": "^2.0.0",
        "typedoc": "^0.26.5",
        "typescript": "~4.8.4"
      },
      "engines": {
        "node": ">=20.12.2"
      },
      "peerDependencies": {
        "@capacitor/core": ">=7.0.0"
      }
    },
    "node_modules/@babel/code-frame": {
      "version": "7.26.2",
      "resolved": "https://registry.npmjs.org/@babel/code-frame/-/code-frame-7.26.2.tgz",
      "integrity": "sha512-RJlIHRueQgwWitWgF8OdFYGZX328Ax5BCemNGlqHfplnRT9ESi8JkFlvaVYbS+UubVY6dpv87Fs2u5M29iNFVQ==",
      "dev": true,
      "dependencies": {
        "@babel/helper-validator-identifier": "^7.25.9",
        "js-tokens": "^4.0.0",
        "picocolors": "^1.0.0"
      },
      "engines": {
        "node": ">=6.9.0"
      }
    },
    "node_modules/@babel/helper-validator-identifier": {
      "version": "7.25.9",
      "resolved": "https://registry.npmjs.org/@babel/helper-validator-identifier/-/helper-validator-identifier-7.25.9.tgz",
      "integrity": "sha512-Ed61U6XJc3CVRfkERJWDz4dJwKe7iLmmJsbOGu9wSloNSFttHV0I8g6UAgb7qnK5ly5bGLPd4oXZlxCdANBOWQ==",
      "dev": true,
      "engines": {
        "node": ">=6.9.0"
      }
    },
    "node_modules/@capacitor/android": {
      "version": "7.0.1",
      "resolved": "https://registry.npmjs.org/@capacitor/android/-/android-7.0.1.tgz",
      "integrity": "sha512-jukJJHfkcyEBOkFBJRD3EwXMIIQo7lSv0ExPWgsIliPdGXLAj6ElvK2JaYEzec3vKyLc4RTNFVv0PMEU0vnImg==",
      "dev": true,
      "peerDependencies": {
        "@capacitor/core": "^7.0.0"
      }
    },
    "node_modules/@capacitor/core": {
      "version": "7.0.1",
      "resolved": "https://registry.npmjs.org/@capacitor/core/-/core-7.0.1.tgz",
      "integrity": "sha512-1Ob9bvA/p8g8aNwK6VesxEekGXowLVf6APjkW4LRnr05H+7z/bke+Q5pn9zqh/GgTbIxAQ/rwZrAZvvxkdm1UA==",
      "dev": true,
      "dependencies": {
        "tslib": "^2.1.0"
      }
    },
    "node_modules/@capacitor/docgen": {
      "version": "0.3.0",
      "resolved": "https://registry.npmjs.org/@capacitor/docgen/-/docgen-0.3.0.tgz",
      "integrity": "sha512-WPggobo5Ql70F+2xOIUwNSApJXaL9F/9+Al6B+sNuSAmcg484OAksyUPKgiynF4BVlxeY5a0sDkgdVkmmA3ElQ==",
      "dev": true,
      "dependencies": {
        "@types/node": "^14.18.0",
        "colorette": "^2.0.20",
        "github-slugger": "^1.5.0",
        "minimist": "^1.2.8",
        "typescript": "~4.2.4"
      },
      "bin": {
        "docgen": "bin/docgen"
      },
      "engines": {
        "node": ">=18.0.0"
      }
    },
    "node_modules/@capacitor/docgen/node_modules/typescript": {
      "version": "4.2.4",
      "resolved": "https://registry.npmjs.org/typescript/-/typescript-4.2.4.tgz",
      "integrity": "sha512-V+evlYHZnQkaz8TRBuxTA92yZBPotr5H+WhQ7bD3hZUndx5tGOa1fuCgeSjxAzM1RiN5IzvadIXTVefuuwZCRg==",
      "dev": true,
      "bin": {
        "tsc": "bin/tsc",
        "tsserver": "bin/tsserver"
      },
      "engines": {
        "node": ">=4.2.0"
      }
    },
    "node_modules/@capacitor/ios": {
      "version": "7.0.1",
      "resolved": "https://registry.npmjs.org/@capacitor/ios/-/ios-7.0.1.tgz",
      "integrity": "sha512-RN6S1C1k7ue57DFmJM4EizzsYBrahTTiMhcnlHspFLaojgHbFWZbYq1VriuRKysPU1ka/P+klsdtRFsB5K9jyw==",
      "dev": true,
      "peerDependencies": {
        "@capacitor/core": "^7.0.0"
      }
    },
    "node_modules/@ebarooni/prettier-config": {
      "version": "1.3.1",
      "resolved": "https://registry.npmjs.org/@ebarooni/prettier-config/-/prettier-config-1.3.1.tgz",
      "integrity": "sha512-Fxpz9uFM5TsE8PCKzOvtQRpSlUgg2lEnR9NcVSEdRjRSExL1x+qIHPVMxPtg1L3tzHepPC0Q9OPNDhPKwmTLjg==",
      "dev": true,
      "engines": {
        "node": ">=20.12.2"
      },
      "peerDependencies": {
        "prettier": "^3.4.2"
      }
    },
    "node_modules/@ebarooni/swiftlint-config": {
      "version": "1.2.1",
      "resolved": "https://registry.npmjs.org/@ebarooni/swiftlint-config/-/swiftlint-config-1.2.1.tgz",
      "integrity": "sha512-PlLfn+fYSBuLT4DuV6BTR/+fu2Aie2HjL5uP5hP4MvHVYKRcCQp2o1zNPtTJljG0QELhzNuIWDNFSaIoT0RWyg==",
      "dev": true,
      "engines": {
        "node": ">=20.12.2"
      },
      "peerDependencies": {
        "swiftlint": "^2.0.0"
      }
    },
    "node_modules/@ionic/utils-array": {
      "version": "2.1.6",
      "resolved": "https://registry.npmjs.org/@ionic/utils-array/-/utils-array-2.1.6.tgz",
      "integrity": "sha512-0JZ1Zkp3wURnv8oq6Qt7fMPo5MpjbLoUoa9Bu2Q4PJuSDWM8H8gwF3dQO7VTeUj3/0o1IB1wGkFWZZYgUXZMUg==",
      "dev": true,
      "dependencies": {
        "debug": "^4.0.0",
        "tslib": "^2.0.1"
      },
      "engines": {
        "node": ">=16.0.0"
      }
    },
    "node_modules/@ionic/utils-fs": {
      "version": "3.1.7",
      "resolved": "https://registry.npmjs.org/@ionic/utils-fs/-/utils-fs-3.1.7.tgz",
      "integrity": "sha512-2EknRvMVfhnyhL1VhFkSLa5gOcycK91VnjfrTB0kbqkTFCOXyXgVLI5whzq7SLrgD9t1aqos3lMMQyVzaQ5gVA==",
      "dev": true,
      "dependencies": {
        "@types/fs-extra": "^8.0.0",
        "debug": "^4.0.0",
        "fs-extra": "^9.0.0",
        "tslib": "^2.0.1"
      },
      "engines": {
        "node": ">=16.0.0"
      }
    },
    "node_modules/@ionic/utils-object": {
      "version": "2.1.6",
      "resolved": "https://registry.npmjs.org/@ionic/utils-object/-/utils-object-2.1.6.tgz",
      "integrity": "sha512-vCl7sl6JjBHFw99CuAqHljYJpcE88YaH2ZW4ELiC/Zwxl5tiwn4kbdP/gxi2OT3MQb1vOtgAmSNRtusvgxI8ww==",
      "dev": true,
      "dependencies": {
        "debug": "^4.0.0",
        "tslib": "^2.0.1"
      },
      "engines": {
        "node": ">=16.0.0"
      }
    },
    "node_modules/@ionic/utils-process": {
      "version": "2.1.12",
      "resolved": "https://registry.npmjs.org/@ionic/utils-process/-/utils-process-2.1.12.tgz",
      "integrity": "sha512-Jqkgyq7zBs/v/J3YvKtQQiIcxfJyplPgECMWgdO0E1fKrrH8EF0QGHNJ9mJCn6PYe2UtHNS8JJf5G21e09DfYg==",
      "dev": true,
      "dependencies": {
        "@ionic/utils-object": "2.1.6",
        "@ionic/utils-terminal": "2.3.5",
        "debug": "^4.0.0",
        "signal-exit": "^3.0.3",
        "tree-kill": "^1.2.2",
        "tslib": "^2.0.1"
      },
      "engines": {
        "node": ">=16.0.0"
      }
    },
    "node_modules/@ionic/utils-stream": {
      "version": "3.1.7",
      "resolved": "https://registry.npmjs.org/@ionic/utils-stream/-/utils-stream-3.1.7.tgz",
      "integrity": "sha512-eSELBE7NWNFIHTbTC2jiMvh1ABKGIpGdUIvARsNPMNQhxJB3wpwdiVnoBoTYp+5a6UUIww4Kpg7v6S7iTctH1w==",
      "dev": true,
      "dependencies": {
        "debug": "^4.0.0",
        "tslib": "^2.0.1"
      },
      "engines": {
        "node": ">=16.0.0"
      }
    },
    "node_modules/@ionic/utils-subprocess": {
      "version": "3.0.1",
      "resolved": "https://registry.npmjs.org/@ionic/utils-subprocess/-/utils-subprocess-3.0.1.tgz",
      "integrity": "sha512-cT4te3AQQPeIM9WCwIg8ohroJ8TjsYaMb2G4ZEgv9YzeDqHZ4JpeIKqG2SoaA3GmVQ3sOfhPM6Ox9sxphV/d1A==",
      "dev": true,
      "dependencies": {
        "@ionic/utils-array": "2.1.6",
        "@ionic/utils-fs": "3.1.7",
        "@ionic/utils-process": "2.1.12",
        "@ionic/utils-stream": "3.1.7",
        "@ionic/utils-terminal": "2.3.5",
        "cross-spawn": "^7.0.3",
        "debug": "^4.0.0",
        "tslib": "^2.0.1"
      },
      "engines": {
        "node": ">=16.0.0"
      }
    },
    "node_modules/@ionic/utils-terminal": {
      "version": "2.3.5",
      "resolved": "https://registry.npmjs.org/@ionic/utils-terminal/-/utils-terminal-2.3.5.tgz",
      "integrity": "sha512-3cKScz9Jx2/Pr9ijj1OzGlBDfcmx7OMVBt4+P1uRR0SSW4cm1/y3Mo4OY3lfkuaYifMNBW8Wz6lQHbs1bihr7A==",
      "dev": true,
      "dependencies": {
        "@types/slice-ansi": "^4.0.0",
        "debug": "^4.0.0",
        "signal-exit": "^3.0.3",
        "slice-ansi": "^4.0.0",
        "string-width": "^4.1.0",
        "strip-ansi": "^6.0.0",
        "tslib": "^2.0.1",
        "untildify": "^4.0.0",
        "wrap-ansi": "^7.0.0"
      },
      "engines": {
        "node": ">=16.0.0"
      }
    },
    "node_modules/@isaacs/cliui": {
      "version": "8.0.2",
      "dev": true,
      "license": "ISC",
      "dependencies": {
        "string-width": "^5.1.2",
        "string-width-cjs": "npm:string-width@^4.2.0",
        "strip-ansi": "^7.0.1",
        "strip-ansi-cjs": "npm:strip-ansi@^6.0.1",
        "wrap-ansi": "^8.1.0",
        "wrap-ansi-cjs": "npm:wrap-ansi@^7.0.0"
      },
      "engines": {
        "node": ">=12"
      }
    },
    "node_modules/@isaacs/cliui/node_modules/ansi-regex": {
      "version": "6.0.1",
      "dev": true,
      "license": "MIT",
      "engines": {
        "node": ">=12"
      },
      "funding": {
        "url": "https://github.com/chalk/ansi-regex?sponsor=1"
      }
    },
    "node_modules/@isaacs/cliui/node_modules/ansi-styles": {
      "version": "6.2.1",
      "dev": true,
      "license": "MIT",
      "engines": {
        "node": ">=12"
      },
      "funding": {
        "url": "https://github.com/chalk/ansi-styles?sponsor=1"
      }
    },
    "node_modules/@isaacs/cliui/node_modules/emoji-regex": {
      "version": "9.2.2",
      "dev": true,
      "license": "MIT"
    },
    "node_modules/@isaacs/cliui/node_modules/string-width": {
      "version": "5.1.2",
      "dev": true,
      "license": "MIT",
      "dependencies": {
        "eastasianwidth": "^0.2.0",
        "emoji-regex": "^9.2.2",
        "strip-ansi": "^7.0.1"
      },
      "engines": {
        "node": ">=12"
      },
      "funding": {
        "url": "https://github.com/sponsors/sindresorhus"
      }
    },
    "node_modules/@isaacs/cliui/node_modules/strip-ansi": {
      "version": "7.1.0",
      "dev": true,
      "license": "MIT",
      "dependencies": {
        "ansi-regex": "^6.0.1"
      },
      "engines": {
        "node": ">=12"
      },
      "funding": {
        "url": "https://github.com/chalk/strip-ansi?sponsor=1"
      }
    },
    "node_modules/@isaacs/cliui/node_modules/wrap-ansi": {
      "version": "8.1.0",
      "dev": true,
      "license": "MIT",
      "dependencies": {
        "ansi-styles": "^6.1.0",
        "string-width": "^5.0.1",
        "strip-ansi": "^7.0.1"
      },
      "engines": {
        "node": ">=12"
      },
      "funding": {
        "url": "https://github.com/chalk/wrap-ansi?sponsor=1"
      }
    },
    "node_modules/@rollup/rollup-android-arm-eabi": {
      "version": "4.32.1",
      "resolved": "https://registry.npmjs.org/@rollup/rollup-android-arm-eabi/-/rollup-android-arm-eabi-4.32.1.tgz",
      "integrity": "sha512-/pqA4DmqyCm8u5YIDzIdlLcEmuvxb0v8fZdFhVMszSpDTgbQKdw3/mB3eMUHIbubtJ6F9j+LtmyCnHTEqIHyzA==",
      "cpu": [
        "arm"
      ],
      "dev": true,
      "optional": true,
      "os": [
        "android"
      ]
    },
    "node_modules/@rollup/rollup-android-arm64": {
      "version": "4.32.1",
      "resolved": "https://registry.npmjs.org/@rollup/rollup-android-arm64/-/rollup-android-arm64-4.32.1.tgz",
      "integrity": "sha512-If3PDskT77q7zgqVqYuj7WG3WC08G1kwXGVFi9Jr8nY6eHucREHkfpX79c0ACAjLj3QIWKPJR7w4i+f5EdLH5Q==",
      "cpu": [
        "arm64"
      ],
      "dev": true,
      "optional": true,
      "os": [
        "android"
      ]
    },
    "node_modules/@rollup/rollup-darwin-arm64": {
      "version": "4.32.1",
      "resolved": "https://registry.npmjs.org/@rollup/rollup-darwin-arm64/-/rollup-darwin-arm64-4.32.1.tgz",
      "integrity": "sha512-zCpKHioQ9KgZToFp5Wvz6zaWbMzYQ2LJHQ+QixDKq52KKrF65ueu6Af4hLlLWHjX1Wf/0G5kSJM9PySW9IrvHA==",
      "cpu": [
        "arm64"
      ],
      "dev": true,
      "optional": true,
      "os": [
        "darwin"
      ]
    },
    "node_modules/@rollup/rollup-darwin-x64": {
      "version": "4.32.1",
      "resolved": "https://registry.npmjs.org/@rollup/rollup-darwin-x64/-/rollup-darwin-x64-4.32.1.tgz",
      "integrity": "sha512-sFvF+t2+TyUo/ZQqUcifrJIgznx58oFZbdHS9TvHq3xhPVL9nOp+yZ6LKrO9GWTP+6DbFtoyLDbjTpR62Mbr3Q==",
      "cpu": [
        "x64"
      ],
      "dev": true,
      "optional": true,
      "os": [
        "darwin"
      ]
    },
    "node_modules/@rollup/rollup-freebsd-arm64": {
      "version": "4.32.1",
      "resolved": "https://registry.npmjs.org/@rollup/rollup-freebsd-arm64/-/rollup-freebsd-arm64-4.32.1.tgz",
      "integrity": "sha512-NbOa+7InvMWRcY9RG+B6kKIMD/FsnQPH0MWUvDlQB1iXnF/UcKSudCXZtv4lW+C276g3w5AxPbfry5rSYvyeYA==",
      "cpu": [
        "arm64"
      ],
      "dev": true,
      "optional": true,
      "os": [
        "freebsd"
      ]
    },
    "node_modules/@rollup/rollup-freebsd-x64": {
      "version": "4.32.1",
      "resolved": "https://registry.npmjs.org/@rollup/rollup-freebsd-x64/-/rollup-freebsd-x64-4.32.1.tgz",
      "integrity": "sha512-JRBRmwvHPXR881j2xjry8HZ86wIPK2CcDw0EXchE1UgU0ubWp9nvlT7cZYKc6bkypBt745b4bglf3+xJ7hXWWw==",
      "cpu": [
        "x64"
      ],
      "dev": true,
      "optional": true,
      "os": [
        "freebsd"
      ]
    },
    "node_modules/@rollup/rollup-linux-arm-gnueabihf": {
      "version": "4.32.1",
      "resolved": "https://registry.npmjs.org/@rollup/rollup-linux-arm-gnueabihf/-/rollup-linux-arm-gnueabihf-4.32.1.tgz",
      "integrity": "sha512-PKvszb+9o/vVdUzCCjL0sKHukEQV39tD3fepXxYrHE3sTKrRdCydI7uldRLbjLmDA3TFDmh418XH19NOsDRH8g==",
      "cpu": [
        "arm"
      ],
      "dev": true,
      "optional": true,
      "os": [
        "linux"
      ]
    },
    "node_modules/@rollup/rollup-linux-arm-musleabihf": {
      "version": "4.32.1",
      "resolved": "https://registry.npmjs.org/@rollup/rollup-linux-arm-musleabihf/-/rollup-linux-arm-musleabihf-4.32.1.tgz",
      "integrity": "sha512-9WHEMV6Y89eL606ReYowXuGF1Yb2vwfKWKdD1A5h+OYnPZSJvxbEjxTRKPgi7tkP2DSnW0YLab1ooy+i/FQp/Q==",
      "cpu": [
        "arm"
      ],
      "dev": true,
      "optional": true,
      "os": [
        "linux"
      ]
    },
    "node_modules/@rollup/rollup-linux-arm64-gnu": {
      "version": "4.32.1",
      "resolved": "https://registry.npmjs.org/@rollup/rollup-linux-arm64-gnu/-/rollup-linux-arm64-gnu-4.32.1.tgz",
      "integrity": "sha512-tZWc9iEt5fGJ1CL2LRPw8OttkCBDs+D8D3oEM8mH8S1ICZCtFJhD7DZ3XMGM8kpqHvhGUTvNUYVDnmkj4BDXnw==",
      "cpu": [
        "arm64"
      ],
      "dev": true,
      "optional": true,
      "os": [
        "linux"
      ]
    },
    "node_modules/@rollup/rollup-linux-arm64-musl": {
      "version": "4.32.1",
      "resolved": "https://registry.npmjs.org/@rollup/rollup-linux-arm64-musl/-/rollup-linux-arm64-musl-4.32.1.tgz",
      "integrity": "sha512-FTYc2YoTWUsBz5GTTgGkRYYJ5NGJIi/rCY4oK/I8aKowx1ToXeoVVbIE4LGAjsauvlhjfl0MYacxClLld1VrOw==",
      "cpu": [
        "arm64"
      ],
      "dev": true,
      "optional": true,
      "os": [
        "linux"
      ]
    },
    "node_modules/@rollup/rollup-linux-loongarch64-gnu": {
      "version": "4.32.1",
      "resolved": "https://registry.npmjs.org/@rollup/rollup-linux-loongarch64-gnu/-/rollup-linux-loongarch64-gnu-4.32.1.tgz",
      "integrity": "sha512-F51qLdOtpS6P1zJVRzYM0v6MrBNypyPEN1GfMiz0gPu9jN8ScGaEFIZQwteSsGKg799oR5EaP7+B2jHgL+d+Kw==",
      "cpu": [
        "loong64"
      ],
      "dev": true,
      "optional": true,
      "os": [
        "linux"
      ]
    },
    "node_modules/@rollup/rollup-linux-powerpc64le-gnu": {
      "version": "4.32.1",
      "resolved": "https://registry.npmjs.org/@rollup/rollup-linux-powerpc64le-gnu/-/rollup-linux-powerpc64le-gnu-4.32.1.tgz",
      "integrity": "sha512-wO0WkfSppfX4YFm5KhdCCpnpGbtgQNj/tgvYzrVYFKDpven8w2N6Gg5nB6w+wAMO3AIfSTWeTjfVe+uZ23zAlg==",
      "cpu": [
        "ppc64"
      ],
      "dev": true,
      "optional": true,
      "os": [
        "linux"
      ]
    },
    "node_modules/@rollup/rollup-linux-riscv64-gnu": {
      "version": "4.32.1",
      "resolved": "https://registry.npmjs.org/@rollup/rollup-linux-riscv64-gnu/-/rollup-linux-riscv64-gnu-4.32.1.tgz",
      "integrity": "sha512-iWswS9cIXfJO1MFYtI/4jjlrGb/V58oMu4dYJIKnR5UIwbkzR0PJ09O0PDZT0oJ3LYWXBSWahNf/Mjo6i1E5/g==",
      "cpu": [
        "riscv64"
      ],
      "dev": true,
      "optional": true,
      "os": [
        "linux"
      ]
    },
    "node_modules/@rollup/rollup-linux-s390x-gnu": {
      "version": "4.32.1",
      "resolved": "https://registry.npmjs.org/@rollup/rollup-linux-s390x-gnu/-/rollup-linux-s390x-gnu-4.32.1.tgz",
      "integrity": "sha512-RKt8NI9tebzmEthMnfVgG3i/XeECkMPS+ibVZjZ6mNekpbbUmkNWuIN2yHsb/mBPyZke4nlI4YqIdFPgKuoyQQ==",
      "cpu": [
        "s390x"
      ],
      "dev": true,
      "optional": true,
      "os": [
        "linux"
      ]
    },
    "node_modules/@rollup/rollup-linux-x64-gnu": {
      "version": "4.32.1",
      "resolved": "https://registry.npmjs.org/@rollup/rollup-linux-x64-gnu/-/rollup-linux-x64-gnu-4.32.1.tgz",
      "integrity": "sha512-WQFLZ9c42ECqEjwg/GHHsouij3pzLXkFdz0UxHa/0OM12LzvX7DzedlY0SIEly2v18YZLRhCRoHZDxbBSWoGYg==",
      "cpu": [
        "x64"
      ],
      "dev": true,
      "optional": true,
      "os": [
        "linux"
      ]
    },
    "node_modules/@rollup/rollup-linux-x64-musl": {
      "version": "4.32.1",
      "resolved": "https://registry.npmjs.org/@rollup/rollup-linux-x64-musl/-/rollup-linux-x64-musl-4.32.1.tgz",
      "integrity": "sha512-BLoiyHDOWoS3uccNSADMza6V6vCNiphi94tQlVIL5de+r6r/CCQuNnerf+1g2mnk2b6edp5dk0nhdZ7aEjOBsA==",
      "cpu": [
        "x64"
      ],
      "dev": true,
      "optional": true,
      "os": [
        "linux"
      ]
    },
    "node_modules/@rollup/rollup-win32-arm64-msvc": {
      "version": "4.32.1",
      "resolved": "https://registry.npmjs.org/@rollup/rollup-win32-arm64-msvc/-/rollup-win32-arm64-msvc-4.32.1.tgz",
      "integrity": "sha512-w2l3UnlgYTNNU+Z6wOR8YdaioqfEnwPjIsJ66KxKAf0p+AuL2FHeTX6qvM+p/Ue3XPBVNyVSfCrfZiQh7vZHLQ==",
      "cpu": [
        "arm64"
      ],
      "dev": true,
      "optional": true,
      "os": [
        "win32"
      ]
    },
    "node_modules/@rollup/rollup-win32-ia32-msvc": {
      "version": "4.32.1",
      "resolved": "https://registry.npmjs.org/@rollup/rollup-win32-ia32-msvc/-/rollup-win32-ia32-msvc-4.32.1.tgz",
      "integrity": "sha512-Am9H+TGLomPGkBnaPWie4F3x+yQ2rr4Bk2jpwy+iV+Gel9jLAu/KqT8k3X4jxFPW6Zf8OMnehyutsd+eHoq1WQ==",
      "cpu": [
        "ia32"
      ],
      "dev": true,
      "optional": true,
      "os": [
        "win32"
      ]
    },
    "node_modules/@rollup/rollup-win32-x64-msvc": {
      "version": "4.32.1",
      "resolved": "https://registry.npmjs.org/@rollup/rollup-win32-x64-msvc/-/rollup-win32-x64-msvc-4.32.1.tgz",
      "integrity": "sha512-ar80GhdZb4DgmW3myIS9nRFYcpJRSME8iqWgzH2i44u+IdrzmiXVxeFnExQ5v4JYUSpg94bWjevMG8JHf1Da5Q==",
      "cpu": [
        "x64"
      ],
      "dev": true,
      "optional": true,
      "os": [
        "win32"
      ]
    },
    "node_modules/@shikijs/core": {
      "version": "1.12.0",
      "resolved": "https://registry.npmjs.org/@shikijs/core/-/core-1.12.0.tgz",
      "integrity": "sha512-mc1cLbm6UQ8RxLc0dZES7v5rkH+99LxQp/ZvTqV3NLyYsO/fD6JhEflP1H5b2SDq9gI0+0G36AVZWxvounfR9w==",
      "dev": true,
      "dependencies": {
        "@types/hast": "^3.0.4"
      }
    },
    "node_modules/@types/estree": {
      "version": "1.0.6",
      "resolved": "https://registry.npmjs.org/@types/estree/-/estree-1.0.6.tgz",
      "integrity": "sha512-AYnb1nQyY49te+VRAVgmzfcgjYS91mY5P0TKUDCLEM+gNnA+3T6rWITXRLYCpahpqSQbN5cE+gHpnPyXjHWxcw==",
      "dev": true
    },
    "node_modules/@types/fs-extra": {
      "version": "8.1.5",
      "resolved": "https://registry.npmjs.org/@types/fs-extra/-/fs-extra-8.1.5.tgz",
      "integrity": "sha512-0dzKcwO+S8s2kuF5Z9oUWatQJj5Uq/iqphEtE3GQJVRRYm/tD1LglU2UnXi2A8jLq5umkGouOXOR9y0n613ZwQ==",
      "dev": true,
      "dependencies": {
        "@types/node": "*"
      }
    },
    "node_modules/@types/hast": {
      "version": "3.0.4",
      "resolved": "https://registry.npmjs.org/@types/hast/-/hast-3.0.4.tgz",
      "integrity": "sha512-WPs+bbQw5aCj+x6laNGWLH3wviHtoCv/P3+otBhbOhJgG8qtpdAMlTCxLtsTWA7LH1Oh/bFCHsBn0TPS5m30EQ==",
      "dev": true,
      "dependencies": {
        "@types/unist": "*"
      }
    },
    "node_modules/@types/node": {
      "version": "14.18.63",
      "dev": true,
      "license": "MIT"
    },
    "node_modules/@types/slice-ansi": {
      "version": "4.0.0",
      "resolved": "https://registry.npmjs.org/@types/slice-ansi/-/slice-ansi-4.0.0.tgz",
      "integrity": "sha512-+OpjSaq85gvlZAYINyzKpLeiFkSC4EsC6IIiT6v6TLSU5k5U83fHGj9Lel8oKEXM0HqgrMVCjXPDPVICtxF7EQ==",
      "dev": true
    },
    "node_modules/@types/unist": {
      "version": "3.0.2",
      "resolved": "https://registry.npmjs.org/@types/unist/-/unist-3.0.2.tgz",
      "integrity": "sha512-dqId9J8K/vGi5Zr7oo212BGii5m3q5Hxlkwy3WpYuKPklmBEvsbMYYyLxAQpSffdLl/gdW0XUpKWFvYmyoWCoQ==",
      "dev": true
    },
    "node_modules/ansi-regex": {
      "version": "5.0.1",
      "dev": true,
      "license": "MIT",
      "engines": {
        "node": ">=8"
      }
    },
    "node_modules/ansi-styles": {
      "version": "4.3.0",
      "dev": true,
      "license": "MIT",
      "dependencies": {
        "color-convert": "^2.0.1"
      },
      "engines": {
        "node": ">=8"
      },
      "funding": {
        "url": "https://github.com/chalk/ansi-styles?sponsor=1"
      }
    },
    "node_modules/argparse": {
      "version": "2.0.1",
      "dev": true,
      "license": "Python-2.0"
    },
    "node_modules/astral-regex": {
      "version": "2.0.0",
      "resolved": "https://registry.npmjs.org/astral-regex/-/astral-regex-2.0.0.tgz",
      "integrity": "sha512-Z7tMw1ytTXt5jqMcOP+OQteU1VuNK9Y02uuJtKQ1Sv69jXQKKg5cibLwGJow8yzZP+eAc18EmLGPal0bp36rvQ==",
      "dev": true,
      "engines": {
        "node": ">=8"
      }
    },
    "node_modules/at-least-node": {
      "version": "1.0.0",
      "resolved": "https://registry.npmjs.org/at-least-node/-/at-least-node-1.0.0.tgz",
      "integrity": "sha512-+q/t7Ekv1EDY2l6Gda6LLiX14rU9TV20Wa3ofeQmwPFZbOMo9DXrLbOjFaaclkXKWidIaopwAObQDqwWtGUjqg==",
      "dev": true,
      "engines": {
        "node": ">= 4.0.0"
      }
    },
    "node_modules/balanced-match": {
      "version": "1.0.2",
      "dev": true,
      "license": "MIT"
    },
    "node_modules/brace-expansion": {
      "version": "2.0.1",
      "resolved": "https://registry.npmjs.org/brace-expansion/-/brace-expansion-2.0.1.tgz",
      "integrity": "sha512-XnAIvQ8eM+kC6aULx6wuQiwVsnzsi9d3WxzV3FpWTGA19F621kwdbsAcFKXgKUHZWsy+mY6iL1sHTxWEFCytDA==",
      "dev": true,
      "dependencies": {
        "balanced-match": "^1.0.0"
      }
    },
    "node_modules/callsites": {
      "version": "3.1.0",
      "resolved": "https://registry.npmjs.org/callsites/-/callsites-3.1.0.tgz",
      "integrity": "sha512-P8BjAsXvZS+VIDUI11hHCQEv74YT67YUi5JJFNWIqL235sBmjX4+qx9Muvls5ivyNENctx46xQLQ3aTuE7ssaQ==",
      "dev": true,
      "engines": {
        "node": ">=6"
      }
    },
    "node_modules/color-convert": {
      "version": "2.0.1",
      "dev": true,
      "license": "MIT",
      "dependencies": {
        "color-name": "~1.1.4"
      },
      "engines": {
        "node": ">=7.0.0"
      }
    },
    "node_modules/color-name": {
      "version": "1.1.4",
      "dev": true,
      "license": "MIT"
    },
    "node_modules/colorette": {
      "version": "2.0.20",
      "resolved": "https://registry.npmjs.org/colorette/-/colorette-2.0.20.tgz",
      "integrity": "sha512-IfEDxwoWIjkeXL1eXcDiow4UbKjhLdq6/EuSVR9GMN7KVH3r9gQ83e73hsz1Nd1T3ijd5xv1wcWRYO+D6kCI2w==",
      "dev": true
    },
    "node_modules/cross-spawn": {
      "version": "7.0.6",
      "resolved": "https://registry.npmjs.org/cross-spawn/-/cross-spawn-7.0.6.tgz",
      "integrity": "sha512-uV2QOWP2nWzsy2aMp8aRibhi9dlzF5Hgh5SHaB9OiTGEyDTiJJyx0uy51QXdyWbtAHNua4XJzUKca3OzKUd3vA==",
      "dev": true,
      "dependencies": {
        "path-key": "^3.1.0",
        "shebang-command": "^2.0.0",
        "which": "^2.0.1"
      },
      "engines": {
        "node": ">= 8"
      }
    },
    "node_modules/debug": {
      "version": "4.4.0",
      "resolved": "https://registry.npmjs.org/debug/-/debug-4.4.0.tgz",
      "integrity": "sha512-6WTZ/IxCY/T6BALoZHaE4ctp9xm+Z5kY/pzYaCHRFeyVhojxlrm+46y68HA6hr0TcwEssoxNiDEUJQjfPZ/RYA==",
      "dev": true,
      "dependencies": {
        "ms": "^2.1.3"
      },
      "engines": {
        "node": ">=6.0"
      },
      "peerDependenciesMeta": {
        "supports-color": {
          "optional": true
        }
      }
    },
    "node_modules/eastasianwidth": {
      "version": "0.2.0",
      "dev": true,
      "license": "MIT"
    },
    "node_modules/emoji-regex": {
      "version": "8.0.0",
      "dev": true,
      "license": "MIT"
    },
    "node_modules/entities": {
      "version": "4.5.0",
      "resolved": "https://registry.npmjs.org/entities/-/entities-4.5.0.tgz",
      "integrity": "sha512-V0hjH4dGPh9Ao5p0MoRY6BVqtwCjhz6vI5LT8AJ55H+4g9/4vbHx1I54fS0XuclLhDHArPQCiMjDxjaL8fPxhw==",
      "dev": true,
      "engines": {
        "node": ">=0.12"
      },
      "funding": {
        "url": "https://github.com/fb55/entities?sponsor=1"
      }
    },
    "node_modules/env-paths": {
      "version": "2.2.1",
      "resolved": "https://registry.npmjs.org/env-paths/-/env-paths-2.2.1.tgz",
      "integrity": "sha512-+h1lkLKhZMTYjog1VEpJNG7NZJWcuc2DDk/qsqSTRRCOXiLjeQ1d1/udrUGhqMxUgAlwKNZ0cf2uqan5GLuS2A==",
      "dev": true,
      "engines": {
        "node": ">=6"
      }
    },
    "node_modules/error-ex": {
      "version": "1.3.2",
      "resolved": "https://registry.npmjs.org/error-ex/-/error-ex-1.3.2.tgz",
      "integrity": "sha512-7dFHNmqeFSEt2ZBsCriorKnn3Z2pj+fd9kmI6QoWw4//DL+icEBfc0U7qJCisqrTsKTjw4fNFy2pW9OqStD84g==",
      "dev": true,
      "dependencies": {
        "is-arrayish": "^0.2.1"
      }
    },
    "node_modules/foreground-child": {
      "version": "3.1.1",
      "dev": true,
      "license": "ISC",
      "dependencies": {
        "cross-spawn": "^7.0.0",
        "signal-exit": "^4.0.1"
      },
      "engines": {
        "node": ">=14"
      },
      "funding": {
        "url": "https://github.com/sponsors/isaacs"
      }
    },
    "node_modules/foreground-child/node_modules/signal-exit": {
      "version": "4.1.0",
      "dev": true,
      "license": "ISC",
      "engines": {
        "node": ">=14"
      },
      "funding": {
        "url": "https://github.com/sponsors/isaacs"
      }
    },
    "node_modules/fs-extra": {
      "version": "9.1.0",
      "resolved": "https://registry.npmjs.org/fs-extra/-/fs-extra-9.1.0.tgz",
      "integrity": "sha512-hcg3ZmepS30/7BSFqRvoo3DOMQu7IjqxO5nCDt+zM9XWjb33Wg7ziNT+Qvqbuc3+gWpzO02JubVyk2G4Zvo1OQ==",
      "dev": true,
      "dependencies": {
        "at-least-node": "^1.0.0",
        "graceful-fs": "^4.2.0",
        "jsonfile": "^6.0.1",
        "universalify": "^2.0.0"
      },
      "engines": {
        "node": ">=10"
      }
    },
    "node_modules/fsevents": {
      "version": "2.3.3",
      "dev": true,
      "license": "MIT",
      "optional": true,
      "os": [
        "darwin"
      ],
      "engines": {
        "node": "^8.16.0 || ^10.6.0 || >=11.0.0"
      }
    },
    "node_modules/github-slugger": {
      "version": "1.5.0",
      "dev": true,
      "license": "ISC"
    },
    "node_modules/graceful-fs": {
      "version": "4.2.11",
      "resolved": "https://registry.npmjs.org/graceful-fs/-/graceful-fs-4.2.11.tgz",
      "integrity": "sha512-RbJ5/jmFcNNCcDV5o9eTnBLJ/HszWV0P73bc+Ff4nS/rJj+YaS6IGyiOL0VoBYX+l1Wrl3k63h/KrH+nhJ0XvQ==",
      "dev": true
    },
    "node_modules/import-fresh": {
      "version": "3.3.0",
      "resolved": "https://registry.npmjs.org/import-fresh/-/import-fresh-3.3.0.tgz",
      "integrity": "sha512-veYYhQa+D1QBKznvhUHxb8faxlrwUnxseDAbAp457E0wLNio2bOSKnjYDhMj+YiAq61xrMGhQk9iXVk5FzgQMw==",
      "dev": true,
      "dependencies": {
        "parent-module": "^1.0.0",
        "resolve-from": "^4.0.0"
      },
      "engines": {
        "node": ">=6"
      },
      "funding": {
        "url": "https://github.com/sponsors/sindresorhus"
      }
    },
    "node_modules/is-arrayish": {
      "version": "0.2.1",
      "resolved": "https://registry.npmjs.org/is-arrayish/-/is-arrayish-0.2.1.tgz",
      "integrity": "sha512-zz06S8t0ozoDXMG+ube26zeCTNXcKIPJZJi8hBrF4idCLms4CG9QtK7qBl1boi5ODzFpjswb5JPmHCbMpjaYzg==",
      "dev": true
    },
    "node_modules/is-fullwidth-code-point": {
      "version": "3.0.0",
      "dev": true,
      "license": "MIT",
      "engines": {
        "node": ">=8"
      }
    },
    "node_modules/isexe": {
      "version": "2.0.0",
      "dev": true,
      "license": "ISC"
    },
    "node_modules/js-tokens": {
      "version": "4.0.0",
      "resolved": "https://registry.npmjs.org/js-tokens/-/js-tokens-4.0.0.tgz",
      "integrity": "sha512-RdJUflcE3cUzKiMqQgsCu06FPu9UdIJO0beYbPhHN4k6apgJtifcoCtT9bcxOpYBtpD2kCM6Sbzg4CausW/PKQ==",
      "dev": true
    },
    "node_modules/js-yaml": {
      "version": "4.1.0",
      "resolved": "https://registry.npmjs.org/js-yaml/-/js-yaml-4.1.0.tgz",
      "integrity": "sha512-wpxZs9NoxZaJESJGIZTyDEaYpl0FKSA+FB9aJiyemKhMwkxQg63h4T1KJgUGHpTqPDNRcmmYLugrRjJlBtWvRA==",
      "dev": true,
      "dependencies": {
        "argparse": "^2.0.1"
      },
      "bin": {
        "js-yaml": "bin/js-yaml.js"
      }
    },
    "node_modules/json-parse-even-better-errors": {
      "version": "2.3.1",
      "resolved": "https://registry.npmjs.org/json-parse-even-better-errors/-/json-parse-even-better-errors-2.3.1.tgz",
      "integrity": "sha512-xyFwyhro/JEof6Ghe2iz2NcXoj2sloNsWr/XsERDK/oiPCfaNhl5ONfp+jQdAZRQQ0IJWNzH9zIZF7li91kh2w==",
      "dev": true
    },
    "node_modules/jsonfile": {
      "version": "6.1.0",
      "resolved": "https://registry.npmjs.org/jsonfile/-/jsonfile-6.1.0.tgz",
      "integrity": "sha512-5dgndWOriYSm5cnYaJNhalLNDKOqFwyDB/rr1E9ZsGciGvKPs8R2xYGCacuf3z6K1YKDz182fd+fY3cn3pMqXQ==",
      "dev": true,
      "dependencies": {
        "universalify": "^2.0.0"
      },
      "optionalDependencies": {
        "graceful-fs": "^4.1.6"
      }
    },
    "node_modules/lines-and-columns": {
      "version": "1.2.4",
      "resolved": "https://registry.npmjs.org/lines-and-columns/-/lines-and-columns-1.2.4.tgz",
      "integrity": "sha512-7ylylesZQ/PV29jhEDl3Ufjo6ZX7gCqJr5F7PKrqc93v7fzSymt1BpwEU8nAUXs8qzzvqhbjhK5QZg6Mt/HkBg==",
      "dev": true
    },
    "node_modules/linkify-it": {
      "version": "5.0.0",
      "resolved": "https://registry.npmjs.org/linkify-it/-/linkify-it-5.0.0.tgz",
      "integrity": "sha512-5aHCbzQRADcdP+ATqnDuhhJ/MRIqDkZX5pyjFHRRysS8vZ5AbqGEoFIb6pYHPZ+L/OC2Lc+xT8uHVVR5CAK/wQ==",
      "dev": true,
      "dependencies": {
        "uc.micro": "^2.0.0"
      }
    },
    "node_modules/lunr": {
      "version": "2.3.9",
      "resolved": "https://registry.npmjs.org/lunr/-/lunr-2.3.9.tgz",
      "integrity": "sha512-zTU3DaZaF3Rt9rhN3uBMGQD3dD2/vFQqnvZCDv4dl5iOzq2IZQqTxu90r4E5J+nP70J3ilqVCrbho2eWaeW8Ow==",
      "dev": true
    },
    "node_modules/markdown-it": {
      "version": "14.1.0",
      "resolved": "https://registry.npmjs.org/markdown-it/-/markdown-it-14.1.0.tgz",
      "integrity": "sha512-a54IwgWPaeBCAAsv13YgmALOF1elABB08FxO9i+r4VFk5Vl4pKokRPeX8u5TCgSsPi6ec1otfLjdOpVcgbpshg==",
      "dev": true,
      "dependencies": {
        "argparse": "^2.0.1",
        "entities": "^4.4.0",
        "linkify-it": "^5.0.0",
        "mdurl": "^2.0.0",
        "punycode.js": "^2.3.1",
        "uc.micro": "^2.1.0"
      },
      "bin": {
        "markdown-it": "bin/markdown-it.mjs"
      }
    },
    "node_modules/mdurl": {
      "version": "2.0.0",
      "resolved": "https://registry.npmjs.org/mdurl/-/mdurl-2.0.0.tgz",
      "integrity": "sha512-Lf+9+2r+Tdp5wXDXC4PcIBjTDtq4UKjCPMQhKIuzpJNW0b96kVqSwW0bT7FhRSfmAiFYgP+SCRvdrDozfh0U5w==",
      "dev": true
    },
    "node_modules/minimatch": {
      "version": "9.0.5",
      "resolved": "https://registry.npmjs.org/minimatch/-/minimatch-9.0.5.tgz",
      "integrity": "sha512-G6T0ZX48xgozx7587koeX9Ys2NYy6Gmv//P89sEte9V9whIapMNF4idKxnW2QtCcLiTWlb/wfCabAtAFWhhBow==",
      "dev": true,
      "dependencies": {
        "brace-expansion": "^2.0.1"
      },
      "engines": {
        "node": ">=16 || 14 >=14.17"
      },
      "funding": {
        "url": "https://github.com/sponsors/isaacs"
      }
    },
    "node_modules/minimist": {
      "version": "1.2.8",
      "dev": true,
      "license": "MIT",
      "funding": {
        "url": "https://github.com/sponsors/ljharb"
      }
    },
    "node_modules/ms": {
      "version": "2.1.3",
      "resolved": "https://registry.npmjs.org/ms/-/ms-2.1.3.tgz",
      "integrity": "sha512-6FlzubTLZG3J2a/NVCAleEhjzq5oxgHyaCU9yYXvcLsvoVaHJq/s5xXI6/XXP6tz7R9xAOtHnSO/tXtF3WRTlA==",
      "dev": true
    },
    "node_modules/package-json-from-dist": {
      "version": "1.0.1",
      "resolved": "https://registry.npmjs.org/package-json-from-dist/-/package-json-from-dist-1.0.1.tgz",
      "integrity": "sha512-UEZIS3/by4OC8vL3P2dTXRETpebLI2NiI5vIrjaD/5UtrkFX/tNbwjTSRAGC/+7CAo2pIcBaRgWmcBBHcsaCIw==",
      "dev": true
    },
    "node_modules/parent-module": {
      "version": "1.0.1",
      "resolved": "https://registry.npmjs.org/parent-module/-/parent-module-1.0.1.tgz",
      "integrity": "sha512-GQ2EWRpQV8/o+Aw8YqtfZZPfNRWZYkbidE9k5rpl/hC3vtHHBfGm2Ifi6qWV+coDGkrUKZAxE3Lot5kcsRlh+g==",
      "dev": true,
      "dependencies": {
        "callsites": "^3.0.0"
      },
      "engines": {
        "node": ">=6"
      }
    },
    "node_modules/parse-json": {
      "version": "5.2.0",
      "resolved": "https://registry.npmjs.org/parse-json/-/parse-json-5.2.0.tgz",
      "integrity": "sha512-ayCKvm/phCGxOkYRSCM82iDwct8/EonSEgCSxWxD7ve6jHggsFl4fZVQBPRNgQoKiuV/odhFrGzQXZwbifC8Rg==",
      "dev": true,
      "dependencies": {
        "@babel/code-frame": "^7.0.0",
        "error-ex": "^1.3.1",
        "json-parse-even-better-errors": "^2.3.0",
        "lines-and-columns": "^1.1.6"
      },
      "engines": {
        "node": ">=8"
      },
      "funding": {
        "url": "https://github.com/sponsors/sindresorhus"
      }
    },
    "node_modules/path-key": {
      "version": "3.1.1",
      "dev": true,
      "license": "MIT",
      "engines": {
        "node": ">=8"
      }
    },
    "node_modules/picocolors": {
      "version": "1.1.1",
      "resolved": "https://registry.npmjs.org/picocolors/-/picocolors-1.1.1.tgz",
      "integrity": "sha512-xceH2snhtb5M9liqDsmEw56le376mTZkEX/jEb/RxNFyegNul7eNslCXP9FDj/Lcu0X8KEyMceP2ntpaHrDEVA==",
      "dev": true
    },
    "node_modules/prettier": {
      "version": "3.4.2",
      "resolved": "https://registry.npmjs.org/prettier/-/prettier-3.4.2.tgz",
      "integrity": "sha512-e9MewbtFo+Fevyuxn/4rrcDAaq0IYxPGLvObpQjiZBMAzB9IGmzlnG9RZy3FFas+eBMu2vA0CszMeduow5dIuQ==",
      "dev": true,
      "bin": {
        "prettier": "bin/prettier.cjs"
      },
      "engines": {
        "node": ">=14"
      },
      "funding": {
        "url": "https://github.com/prettier/prettier?sponsor=1"
      }
    },
    "node_modules/punycode.js": {
      "version": "2.3.1",
      "resolved": "https://registry.npmjs.org/punycode.js/-/punycode.js-2.3.1.tgz",
      "integrity": "sha512-uxFIHU0YlHYhDQtV4R9J6a52SLx28BCjT+4ieh7IGbgwVJWO+km431c4yRlREUAsAmt/uMjQUyQHNEPf0M39CA==",
      "dev": true,
      "engines": {
        "node": ">=6"
      }
    },
    "node_modules/resolve-from": {
      "version": "4.0.0",
      "resolved": "https://registry.npmjs.org/resolve-from/-/resolve-from-4.0.0.tgz",
      "integrity": "sha512-pb/MYmXstAkysRFx8piNI1tGFNQIFA3vkE3Gq4EuA1dF6gHp/+vgZqsCGJapvy8N3Q+4o7FwvquPJcnZ7RYy4g==",
      "dev": true,
      "engines": {
        "node": ">=4"
      }
    },
    "node_modules/rimraf": {
      "version": "6.0.1",
      "resolved": "https://registry.npmjs.org/rimraf/-/rimraf-6.0.1.tgz",
      "integrity": "sha512-9dkvaxAsk/xNXSJzMgFqqMCuFgt2+KsOFek3TMLfo8NCPfWpBmqwyNn5Y+NX56QUYfCtsyhF3ayiboEoUmJk/A==",
      "dev": true,
      "dependencies": {
        "glob": "^11.0.0",
        "package-json-from-dist": "^1.0.0"
      },
      "bin": {
        "rimraf": "dist/esm/bin.mjs"
      },
      "engines": {
        "node": "20 || >=22"
      },
      "funding": {
        "url": "https://github.com/sponsors/isaacs"
      }
    },
    "node_modules/rimraf/node_modules/glob": {
      "version": "11.0.1",
      "resolved": "https://registry.npmjs.org/glob/-/glob-11.0.1.tgz",
      "integrity": "sha512-zrQDm8XPnYEKawJScsnM0QzobJxlT/kHOOlRTio8IH/GrmxRE5fjllkzdaHclIuNjUQTJYH2xHNIGfdpJkDJUw==",
      "dev": true,
      "dependencies": {
        "foreground-child": "^3.1.0",
        "jackspeak": "^4.0.1",
        "minimatch": "^10.0.0",
        "minipass": "^7.1.2",
        "package-json-from-dist": "^1.0.0",
        "path-scurry": "^2.0.0"
      },
      "bin": {
        "glob": "dist/esm/bin.mjs"
      },
      "engines": {
        "node": "20 || >=22"
      },
      "funding": {
        "url": "https://github.com/sponsors/isaacs"
      }
    },
    "node_modules/rimraf/node_modules/jackspeak": {
      "version": "4.0.2",
      "resolved": "https://registry.npmjs.org/jackspeak/-/jackspeak-4.0.2.tgz",
      "integrity": "sha512-bZsjR/iRjl1Nk1UkjGpAzLNfQtzuijhn2g+pbZb98HQ1Gk8vM9hfbxeMBP+M2/UUdwj0RqGG3mlvk2MsAqwvEw==",
      "dev": true,
      "dependencies": {
        "@isaacs/cliui": "^8.0.2"
      },
      "engines": {
        "node": "20 || >=22"
      },
      "funding": {
        "url": "https://github.com/sponsors/isaacs"
      }
    },
    "node_modules/rimraf/node_modules/lru-cache": {
      "version": "11.0.2",
      "resolved": "https://registry.npmjs.org/lru-cache/-/lru-cache-11.0.2.tgz",
      "integrity": "sha512-123qHRfJBmo2jXDbo/a5YOQrJoHF/GNQTLzQ5+IdK5pWpceK17yRc6ozlWd25FxvGKQbIUs91fDFkXmDHTKcyA==",
      "dev": true,
      "engines": {
        "node": "20 || >=22"
      }
    },
    "node_modules/rimraf/node_modules/minimatch": {
      "version": "10.0.1",
      "resolved": "https://registry.npmjs.org/minimatch/-/minimatch-10.0.1.tgz",
      "integrity": "sha512-ethXTt3SGGR+95gudmqJ1eNhRO7eGEGIgYA9vnPatK4/etz2MEVDno5GMCibdMTuBMyElzIlgxMna3K94XDIDQ==",
      "dev": true,
      "dependencies": {
        "brace-expansion": "^2.0.1"
      },
      "engines": {
        "node": "20 || >=22"
      },
      "funding": {
        "url": "https://github.com/sponsors/isaacs"
      }
    },
    "node_modules/rimraf/node_modules/minipass": {
      "version": "7.1.2",
      "resolved": "https://registry.npmjs.org/minipass/-/minipass-7.1.2.tgz",
      "integrity": "sha512-qOOzS1cBTWYF4BH8fVePDBOO9iptMnGUEZwNc/cMWnTV2nVLZ7VoNWEPHkYczZA0pdoA7dl6e7FL659nX9S2aw==",
      "dev": true,
      "engines": {
        "node": ">=16 || 14 >=14.17"
      }
    },
    "node_modules/rimraf/node_modules/path-scurry": {
      "version": "2.0.0",
      "resolved": "https://registry.npmjs.org/path-scurry/-/path-scurry-2.0.0.tgz",
      "integrity": "sha512-ypGJsmGtdXUOeM5u93TyeIEfEhM6s+ljAhrk5vAvSx8uyY/02OvrZnA0YNGUrPXfpJMgI1ODd3nwz8Npx4O4cg==",
      "dev": true,
      "dependencies": {
        "lru-cache": "^11.0.0",
        "minipass": "^7.1.2"
      },
      "engines": {
        "node": "20 || >=22"
      },
      "funding": {
        "url": "https://github.com/sponsors/isaacs"
      }
    },
    "node_modules/rollup": {
      "version": "4.32.1",
      "resolved": "https://registry.npmjs.org/rollup/-/rollup-4.32.1.tgz",
      "integrity": "sha512-z+aeEsOeEa3mEbS1Tjl6sAZ8NE3+AalQz1RJGj81M+fizusbdDMoEJwdJNHfaB40Scr4qNu+welOfes7maKonA==",
      "dev": true,
      "dependencies": {
        "@types/estree": "1.0.6"
      },
      "bin": {
        "rollup": "dist/bin/rollup"
      },
      "engines": {
        "node": ">=18.0.0",
        "npm": ">=8.0.0"
      },
      "optionalDependencies": {
        "@rollup/rollup-android-arm-eabi": "4.32.1",
        "@rollup/rollup-android-arm64": "4.32.1",
        "@rollup/rollup-darwin-arm64": "4.32.1",
        "@rollup/rollup-darwin-x64": "4.32.1",
        "@rollup/rollup-freebsd-arm64": "4.32.1",
        "@rollup/rollup-freebsd-x64": "4.32.1",
        "@rollup/rollup-linux-arm-gnueabihf": "4.32.1",
        "@rollup/rollup-linux-arm-musleabihf": "4.32.1",
        "@rollup/rollup-linux-arm64-gnu": "4.32.1",
        "@rollup/rollup-linux-arm64-musl": "4.32.1",
        "@rollup/rollup-linux-loongarch64-gnu": "4.32.1",
        "@rollup/rollup-linux-powerpc64le-gnu": "4.32.1",
        "@rollup/rollup-linux-riscv64-gnu": "4.32.1",
        "@rollup/rollup-linux-s390x-gnu": "4.32.1",
        "@rollup/rollup-linux-x64-gnu": "4.32.1",
        "@rollup/rollup-linux-x64-musl": "4.32.1",
        "@rollup/rollup-win32-arm64-msvc": "4.32.1",
        "@rollup/rollup-win32-ia32-msvc": "4.32.1",
        "@rollup/rollup-win32-x64-msvc": "4.32.1",
        "fsevents": "~2.3.2"
      }
    },
    "node_modules/shebang-command": {
      "version": "2.0.0",
      "dev": true,
      "license": "MIT",
      "dependencies": {
        "shebang-regex": "^3.0.0"
      },
      "engines": {
        "node": ">=8"
      }
    },
    "node_modules/shebang-regex": {
      "version": "3.0.0",
      "dev": true,
      "license": "MIT",
      "engines": {
        "node": ">=8"
      }
    },
    "node_modules/shiki": {
      "version": "1.12.0",
      "resolved": "https://registry.npmjs.org/shiki/-/shiki-1.12.0.tgz",
      "integrity": "sha512-BuAxWOm5JhRcbSOl7XCei8wGjgJJonnV0oipUupPY58iULxUGyHhW5CF+9FRMuM1pcJ5cGEJGll1LusX6FwpPA==",
      "dev": true,
      "dependencies": {
        "@shikijs/core": "1.12.0",
        "@types/hast": "^3.0.4"
      }
    },
    "node_modules/signal-exit": {
      "version": "3.0.7",
      "resolved": "https://registry.npmjs.org/signal-exit/-/signal-exit-3.0.7.tgz",
      "integrity": "sha512-wnD2ZE+l+SPC/uoS0vXeE9L1+0wuaMqKlfz9AMUo38JsyLSBWSFcHR1Rri62LZc12vLr1gb3jl7iwQhgwpAbGQ==",
      "dev": true
    },
    "node_modules/slice-ansi": {
      "version": "4.0.0",
      "resolved": "https://registry.npmjs.org/slice-ansi/-/slice-ansi-4.0.0.tgz",
      "integrity": "sha512-qMCMfhY040cVHT43K9BFygqYbUPFZKHOg7K73mtTWJRb8pyP3fzf4Ixd5SzdEJQ6MRUg/WBnOLxghZtKKurENQ==",
      "dev": true,
      "dependencies": {
        "ansi-styles": "^4.0.0",
        "astral-regex": "^2.0.0",
        "is-fullwidth-code-point": "^3.0.0"
      },
      "engines": {
        "node": ">=10"
      },
      "funding": {
        "url": "https://github.com/chalk/slice-ansi?sponsor=1"
      }
    },
    "node_modules/string-width": {
      "version": "4.2.3",
      "dev": true,
      "license": "MIT",
      "dependencies": {
        "emoji-regex": "^8.0.0",
        "is-fullwidth-code-point": "^3.0.0",
        "strip-ansi": "^6.0.1"
      },
      "engines": {
        "node": ">=8"
      }
    },
    "node_modules/string-width-cjs": {
      "name": "string-width",
      "version": "4.2.3",
      "dev": true,
      "license": "MIT",
      "dependencies": {
        "emoji-regex": "^8.0.0",
        "is-fullwidth-code-point": "^3.0.0",
        "strip-ansi": "^6.0.1"
      },
      "engines": {
        "node": ">=8"
      }
    },
    "node_modules/strip-ansi": {
      "version": "6.0.1",
      "dev": true,
      "license": "MIT",
      "dependencies": {
        "ansi-regex": "^5.0.1"
      },
      "engines": {
        "node": ">=8"
      }
    },
    "node_modules/strip-ansi-cjs": {
      "name": "strip-ansi",
      "version": "6.0.1",
      "dev": true,
      "license": "MIT",
      "dependencies": {
        "ansi-regex": "^5.0.1"
      },
      "engines": {
        "node": ">=8"
      }
    },
    "node_modules/swiftlint": {
      "version": "2.0.0",
      "resolved": "https://registry.npmjs.org/swiftlint/-/swiftlint-2.0.0.tgz",
      "integrity": "sha512-MMVuyZ4/6WcIJlk0z6GM0pZjRuwnyUJqRPbJBFW3oACN/qjAvRbolCWEu+zE2MycF/cEgqfUpI+oLECNfjfOJA==",
      "dev": true,
      "hasInstallScript": true,
      "dependencies": {
        "@ionic/utils-fs": "^3.1.7",
        "@ionic/utils-subprocess": "^3.0.1",
        "cosmiconfig": "^9.0.0"
      },
      "bin": {
        "node-swiftlint": "bin.js"
      }
    },
    "node_modules/swiftlint/node_modules/cosmiconfig": {
      "version": "9.0.0",
      "resolved": "https://registry.npmjs.org/cosmiconfig/-/cosmiconfig-9.0.0.tgz",
      "integrity": "sha512-itvL5h8RETACmOTFc4UfIyB2RfEHi71Ax6E/PivVxq9NseKbOWpeyHEOIbmAw1rs8Ak0VursQNww7lf7YtUwzg==",
      "dev": true,
      "dependencies": {
        "env-paths": "^2.2.1",
        "import-fresh": "^3.3.0",
        "js-yaml": "^4.1.0",
        "parse-json": "^5.2.0"
      },
      "engines": {
        "node": ">=14"
      },
      "funding": {
        "url": "https://github.com/sponsors/d-fischer"
      },
      "peerDependencies": {
        "typescript": ">=4.9.5"
      },
      "peerDependenciesMeta": {
        "typescript": {
          "optional": true
        }
      }
    },
    "node_modules/swiftlint/node_modules/typescript": {
      "version": "5.7.3",
      "resolved": "https://registry.npmjs.org/typescript/-/typescript-5.7.3.tgz",
      "integrity": "sha512-84MVSjMEHP+FQRPy3pX9sTVV/INIex71s9TL2Gm5FG/WG1SqXeKyZ0k7/blY/4FdOzI12CBy1vGc4og/eus0fw==",
      "dev": true,
      "optional": true,
      "peer": true,
      "bin": {
        "tsc": "bin/tsc",
        "tsserver": "bin/tsserver"
      },
      "engines": {
        "node": ">=14.17"
      }
    },
    "node_modules/tree-kill": {
      "version": "1.2.2",
      "resolved": "https://registry.npmjs.org/tree-kill/-/tree-kill-1.2.2.tgz",
      "integrity": "sha512-L0Orpi8qGpRG//Nd+H90vFB+3iHnue1zSSGmNOOCh1GLJ7rUKVwV2HvijphGQS2UmhUZewS9VgvxYIdgr+fG1A==",
      "dev": true,
      "bin": {
        "tree-kill": "cli.js"
      }
    },
    "node_modules/tslib": {
      "version": "2.6.2",
      "dev": true,
      "license": "0BSD"
    },
    "node_modules/typedoc": {
      "version": "0.26.5",
      "resolved": "https://registry.npmjs.org/typedoc/-/typedoc-0.26.5.tgz",
      "integrity": "sha512-Vn9YKdjKtDZqSk+by7beZ+xzkkr8T8CYoiasqyt4TTRFy5+UHzL/mF/o4wGBjRF+rlWQHDb0t6xCpA3JNL5phg==",
      "dev": true,
      "dependencies": {
        "lunr": "^2.3.9",
        "markdown-it": "^14.1.0",
        "minimatch": "^9.0.5",
        "shiki": "^1.9.1",
        "yaml": "^2.4.5"
      },
      "bin": {
        "typedoc": "bin/typedoc"
      },
      "engines": {
        "node": ">= 18"
      },
      "peerDependencies": {
        "typescript": "4.6.x || 4.7.x || 4.8.x || 4.9.x || 5.0.x || 5.1.x || 5.2.x || 5.3.x || 5.4.x || 5.5.x"
      }
    },
    "node_modules/typedoc/node_modules/yaml": {
      "version": "2.5.0",
      "resolved": "https://registry.npmjs.org/yaml/-/yaml-2.5.0.tgz",
      "integrity": "sha512-2wWLbGbYDiSqqIKoPjar3MPgB94ErzCtrNE1FdqGuaO0pi2JGjmE8aW8TDZwzU7vuxcGRdL/4gPQwQ7hD5AMSw==",
      "dev": true,
      "bin": {
        "yaml": "bin.mjs"
      },
      "engines": {
        "node": ">= 14"
      }
    },
    "node_modules/typescript": {
      "version": "4.8.4",
      "resolved": "https://registry.npmjs.org/typescript/-/typescript-4.8.4.tgz",
      "integrity": "sha512-QCh+85mCy+h0IGff8r5XWzOVSbBO+KfeYrMQh7NJ58QujwcE22u+NUSmUxqF+un70P9GXKxa2HCNiTTMJknyjQ==",
      "dev": true,
      "bin": {
        "tsc": "bin/tsc",
        "tsserver": "bin/tsserver"
      },
      "engines": {
        "node": ">=4.2.0"
      }
    },
    "node_modules/uc.micro": {
      "version": "2.1.0",
      "resolved": "https://registry.npmjs.org/uc.micro/-/uc.micro-2.1.0.tgz",
      "integrity": "sha512-ARDJmphmdvUk6Glw7y9DQ2bFkKBHwQHLi2lsaH6PPmz/Ka9sFOBsBluozhDltWmnv9u/cF6Rt87znRTPV+yp/A==",
      "dev": true
    },
    "node_modules/universalify": {
      "version": "2.0.1",
      "resolved": "https://registry.npmjs.org/universalify/-/universalify-2.0.1.tgz",
      "integrity": "sha512-gptHNQghINnc/vTGIk0SOFGFNXw7JVrlRUtConJRlvaw6DuX0wO5Jeko9sWrMBhh+PsYAZ7oXAiOnf/UKogyiw==",
      "dev": true,
      "engines": {
        "node": ">= 10.0.0"
      }
    },
    "node_modules/untildify": {
      "version": "4.0.0",
      "resolved": "https://registry.npmjs.org/untildify/-/untildify-4.0.0.tgz",
      "integrity": "sha512-KK8xQ1mkzZeg9inewmFVDNkg3l5LUhoq9kN6iWYB/CC9YMG8HA+c1Q8HwDe6dEX7kErrEVNVBO3fWsVq5iDgtw==",
      "dev": true,
      "engines": {
        "node": ">=8"
      }
    },
    "node_modules/which": {
      "version": "2.0.2",
      "dev": true,
      "license": "ISC",
      "dependencies": {
        "isexe": "^2.0.0"
      },
      "bin": {
        "node-which": "bin/node-which"
      },
      "engines": {
        "node": ">= 8"
      }
    },
    "node_modules/wrap-ansi": {
      "version": "7.0.0",
      "resolved": "https://registry.npmjs.org/wrap-ansi/-/wrap-ansi-7.0.0.tgz",
      "integrity": "sha512-YVGIj2kamLSTxw6NsZjoBxfSwsn0ycdesmc4p+Q21c5zPuZ1pl+NfxVdxPtdHvmNVOQ6XSYG4AUtyt/Fi7D16Q==",
      "dev": true,
      "dependencies": {
        "ansi-styles": "^4.0.0",
        "string-width": "^4.1.0",
        "strip-ansi": "^6.0.0"
      },
      "engines": {
        "node": ">=10"
      },
      "funding": {
        "url": "https://github.com/chalk/wrap-ansi?sponsor=1"
      }
    },
    "node_modules/wrap-ansi-cjs": {
      "name": "wrap-ansi",
      "version": "7.0.0",
      "dev": true,
      "license": "MIT",
      "dependencies": {
        "ansi-styles": "^4.0.0",
        "string-width": "^4.1.0",
        "strip-ansi": "^6.0.0"
      },
      "engines": {
        "node": ">=10"
      },
      "funding": {
        "url": "https://github.com/chalk/wrap-ansi?sponsor=1"
      }
    }
  }
}
